// !$*UTF8*$!
{
	archiveVersion = 1;
	classes = {
	};
	objectVersion = 51;
	objects = {

/* Begin PBXBuildFile section */
		A71830692351E59200D50581 /* AppDelegate.swift in Sources */ = {isa = PBXBuildFile; fileRef = A71830682351E59200D50581 /* AppDelegate.swift */; };
		A718306F2351E59300D50581 /* Assets.xcassets in Resources */ = {isa = PBXBuildFile; fileRef = A718306E2351E59300D50581 /* Assets.xcassets */; };
		A71830752351E59300D50581 /* LaunchScreen.storyboard in Resources */ = {isa = PBXBuildFile; fileRef = A71830732351E59300D50581 /* LaunchScreen.storyboard */; };
		A7BE4C792351E73500E1D799 /* Core.framework in Frameworks */ = {isa = PBXBuildFile; fileRef = A7BE4C782351E73500E1D799 /* Core.framework */; };
		A7BE4C7A2351E73500E1D799 /* Core.framework in Embed Frameworks */ = {isa = PBXBuildFile; fileRef = A7BE4C782351E73500E1D799 /* Core.framework */; settings = {ATTRIBUTES = (CodeSignOnCopy, RemoveHeadersOnCopy, ); }; };
		A7BE4C7E2351E9B100E1D799 /* ViewController.swift in Sources */ = {isa = PBXBuildFile; fileRef = A7BE4C7D2351E9B100E1D799 /* ViewController.swift */; };
		A7BE4C802351EB2C00E1D799 /* MovieCell.swift in Sources */ = {isa = PBXBuildFile; fileRef = A7BE4C7F2351EB2C00E1D799 /* MovieCell.swift */; };
		B2B6E9C81DC4856CE243E786 /* Pods_ReaktiveTutorial.framework in Frameworks */ = {isa = PBXBuildFile; fileRef = E38F3511F7C023E069C93475 /* Pods_ReaktiveTutorial.framework */; };
/* End PBXBuildFile section */

/* Begin PBXCopyFilesBuildPhase section */
		A7BE4C7B2351E73500E1D799 /* Embed Frameworks */ = {
			isa = PBXCopyFilesBuildPhase;
			buildActionMask = 2147483647;
			dstPath = "";
			dstSubfolderSpec = 10;
			files = (
				A7BE4C7A2351E73500E1D799 /* Core.framework in Embed Frameworks */,
			);
			name = "Embed Frameworks";
			runOnlyForDeploymentPostprocessing = 0;
		};
/* End PBXCopyFilesBuildPhase section */

/* Begin PBXFileReference section */
		3F6996E6EF560CF18FADB1B4 /* Pods-ReaktiveTutorial.release.xcconfig */ = {isa = PBXFileReference; includeInIndex = 1; lastKnownFileType = text.xcconfig; name = "Pods-ReaktiveTutorial.release.xcconfig"; path = "Target Support Files/Pods-ReaktiveTutorial/Pods-ReaktiveTutorial.release.xcconfig"; sourceTree = "<group>"; };
		56786C0E19B1CA7F176BAE7D /* Pods-ReaktiveTutorial.debug.xcconfig */ = {isa = PBXFileReference; includeInIndex = 1; lastKnownFileType = text.xcconfig; name = "Pods-ReaktiveTutorial.debug.xcconfig"; path = "Target Support Files/Pods-ReaktiveTutorial/Pods-ReaktiveTutorial.debug.xcconfig"; sourceTree = "<group>"; };
		A71830652351E59200D50581 /* ReaktiveTutorial.app */ = {isa = PBXFileReference; explicitFileType = wrapper.application; includeInIndex = 0; path = ReaktiveTutorial.app; sourceTree = BUILT_PRODUCTS_DIR; };
		A71830682351E59200D50581 /* AppDelegate.swift */ = {isa = PBXFileReference; lastKnownFileType = sourcecode.swift; path = AppDelegate.swift; sourceTree = "<group>"; };
		A718306E2351E59300D50581 /* Assets.xcassets */ = {isa = PBXFileReference; lastKnownFileType = folder.assetcatalog; path = Assets.xcassets; sourceTree = "<group>"; };
		A71830742351E59300D50581 /* Base */ = {isa = PBXFileReference; lastKnownFileType = file.storyboard; name = Base; path = Base.lproj/LaunchScreen.storyboard; sourceTree = "<group>"; };
		A71830762351E59300D50581 /* Info.plist */ = {isa = PBXFileReference; lastKnownFileType = text.plist.xml; path = Info.plist; sourceTree = "<group>"; };
		A7BE4C782351E73500E1D799 /* Core.framework */ = {isa = PBXFileReference; lastKnownFileType = wrapper.framework; name = Core.framework; path = "../core/build/xcode-frameworks/Core.framework"; sourceTree = "<group>"; };
		A7BE4C7D2351E9B100E1D799 /* ViewController.swift */ = {isa = PBXFileReference; lastKnownFileType = sourcecode.swift; path = ViewController.swift; sourceTree = "<group>"; };
		A7BE4C7F2351EB2C00E1D799 /* MovieCell.swift */ = {isa = PBXFileReference; lastKnownFileType = sourcecode.swift; path = MovieCell.swift; sourceTree = "<group>"; };
		E38F3511F7C023E069C93475 /* Pods_ReaktiveTutorial.framework */ = {isa = PBXFileReference; explicitFileType = wrapper.framework; includeInIndex = 0; path = Pods_ReaktiveTutorial.framework; sourceTree = BUILT_PRODUCTS_DIR; };
/* End PBXFileReference section */

/* Begin PBXFrameworksBuildPhase section */
		A71830622351E59200D50581 /* Frameworks */ = {
			isa = PBXFrameworksBuildPhase;
			buildActionMask = 2147483647;
			files = (
				A7BE4C792351E73500E1D799 /* Core.framework in Frameworks */,
				B2B6E9C81DC4856CE243E786 /* Pods_ReaktiveTutorial.framework in Frameworks */,
			);
			runOnlyForDeploymentPostprocessing = 0;
		};
/* End PBXFrameworksBuildPhase section */

/* Begin PBXGroup section */
		7E5B763802D5BE60399B8DA9 /* Pods */ = {
			isa = PBXGroup;
			children = (
				56786C0E19B1CA7F176BAE7D /* Pods-ReaktiveTutorial.debug.xcconfig */,
				3F6996E6EF560CF18FADB1B4 /* Pods-ReaktiveTutorial.release.xcconfig */,
			);
			path = Pods;
			sourceTree = "<group>";
		};
		A718305C2351E59200D50581 = {
			isa = PBXGroup;
			children = (
				A71830672351E59200D50581 /* ReaktiveTutorial */,
				A71830662351E59200D50581 /* Products */,
				A7BE4C772351E73500E1D799 /* Frameworks */,
				7E5B763802D5BE60399B8DA9 /* Pods */,
			);
			sourceTree = "<group>";
		};
		A71830662351E59200D50581 /* Products */ = {
			isa = PBXGroup;
			children = (
				A71830652351E59200D50581 /* ReaktiveTutorial.app */,
			);
			name = Products;
			sourceTree = "<group>";
		};
		A71830672351E59200D50581 /* ReaktiveTutorial */ = {
			isa = PBXGroup;
			children = (
				A71830682351E59200D50581 /* AppDelegate.swift */,
				A7BE4C7D2351E9B100E1D799 /* ViewController.swift */,
				A718306E2351E59300D50581 /* Assets.xcassets */,
				A71830732351E59300D50581 /* LaunchScreen.storyboard */,
				A71830762351E59300D50581 /* Info.plist */,
				A7BE4C7F2351EB2C00E1D799 /* MovieCell.swift */,
			);
			path = ReaktiveTutorial;
			sourceTree = "<group>";
		};
		A7BE4C772351E73500E1D799 /* Frameworks */ = {
			isa = PBXGroup;
			children = (
				A7BE4C782351E73500E1D799 /* Core.framework */,
				E38F3511F7C023E069C93475 /* Pods_ReaktiveTutorial.framework */,
			);
			name = Frameworks;
			sourceTree = "<group>";
		};
/* End PBXGroup section */

/* Begin PBXNativeTarget section */
		A71830642351E59200D50581 /* ReaktiveTutorial */ = {
			isa = PBXNativeTarget;
			buildConfigurationList = A71830792351E59300D50581 /* Build configuration list for PBXNativeTarget "ReaktiveTutorial" */;
			buildPhases = (
				AE21703C040CB66DECCB6397 /* [CP] Check Pods Manifest.lock */,
				A7BE4C7C2351E89F00E1D799 /* ShellScript */,
				A71830612351E59200D50581 /* Sources */,
				A71830622351E59200D50581 /* Frameworks */,
				A71830632351E59200D50581 /* Resources */,
				A7BE4C7B2351E73500E1D799 /* Embed Frameworks */,
				CB4B900DF2C70E02B9DAAD68 /* [CP] Embed Pods Frameworks */,
			);
			buildRules = (
			);
			dependencies = (
			);
			name = ReaktiveTutorial;
			productName = ReaktiveTutorial;
			productReference = A71830652351E59200D50581 /* ReaktiveTutorial.app */;
			productType = "com.apple.product-type.application";
		};
/* End PBXNativeTarget section */

/* Begin PBXProject section */
		A718305D2351E59200D50581 /* Project object */ = {
			isa = PBXProject;
			attributes = {
				LastSwiftUpdateCheck = 1100;
				LastUpgradeCheck = 1100;
				ORGANIZATIONNAME = "Adrena Teknologi Indonesia";
				TargetAttributes = {
					A71830642351E59200D50581 = {
						CreatedOnToolsVersion = 11.0;
					};
				};
			};
			buildConfigurationList = A71830602351E59200D50581 /* Build configuration list for PBXProject "ReaktiveTutorial" */;
			compatibilityVersion = "Xcode 9.3";
			developmentRegion = en;
			hasScannedForEncodings = 0;
			knownRegions = (
				en,
				Base,
			);
			mainGroup = A718305C2351E59200D50581;
			productRefGroup = A71830662351E59200D50581 /* Products */;
			projectDirPath = "";
			projectRoot = "";
			targets = (
				A71830642351E59200D50581 /* ReaktiveTutorial */,
			);
		};
/* End PBXProject section */

/* Begin PBXResourcesBuildPhase section */
		A71830632351E59200D50581 /* Resources */ = {
			isa = PBXResourcesBuildPhase;
			buildActionMask = 2147483647;
			files = (
				A71830752351E59300D50581 /* LaunchScreen.storyboard in Resources */,
				A718306F2351E59300D50581 /* Assets.xcassets in Resources */,
			);
			runOnlyForDeploymentPostprocessing = 0;
		};
/* End PBXResourcesBuildPhase section */

/* Begin PBXShellScriptBuildPhase section */
		A7BE4C7C2351E89F00E1D799 /* ShellScript */ = {
			isa = PBXShellScriptBuildPhase;
			buildActionMask = 2147483647;
			files = (
			);
			inputFileListPaths = (
			);
			inputPaths = (
			);
			outputFileListPaths = (
			);
			outputPaths = (
			);
			runOnlyForDeploymentPostprocessing = 0;
			shellPath = /bin/sh;
			shellScript = "cd \"$SRCROOT/../core/build/xcode-frameworks\" \n./gradlew :core:packForXCode -PXCODE_CONFIGURATION=${CONFIGURATION}\n";
		};
		AE21703C040CB66DECCB6397 /* [CP] Check Pods Manifest.lock */ = {
			isa = PBXShellScriptBuildPhase;
			buildActionMask = 2147483647;
			files = (
			);
			inputFileListPaths = (
			);
			inputPaths = (
				"${PODS_PODFILE_DIR_PATH}/Podfile.lock",
				"${PODS_ROOT}/Manifest.lock",
			);
			name = "[CP] Check Pods Manifest.lock";
			outputFileListPaths = (
			);
			outputPaths = (
				"$(DERIVED_FILE_DIR)/Pods-ReaktiveTutorial-checkManifestLockResult.txt",
			);
			runOnlyForDeploymentPostprocessing = 0;
			shellPath = /bin/sh;
			shellScript = "diff \"${PODS_PODFILE_DIR_PATH}/Podfile.lock\" \"${PODS_ROOT}/Manifest.lock\" > /dev/null\nif [ $? != 0 ] ; then\n    # print error to STDERR\n    echo \"error: The sandbox is not in sync with the Podfile.lock. Run 'pod install' or update your CocoaPods installation.\" >&2\n    exit 1\nfi\n# This output is used by Xcode 'outputs' to avoid re-running this script phase.\necho \"SUCCESS\" > \"${SCRIPT_OUTPUT_FILE_0}\"\n";
			showEnvVarsInLog = 0;
		};
		CB4B900DF2C70E02B9DAAD68 /* [CP] Embed Pods Frameworks */ = {
			isa = PBXShellScriptBuildPhase;
			buildActionMask = 2147483647;
			files = (
			);
			inputFileListPaths = (
				"${PODS_ROOT}/Target Support Files/Pods-ReaktiveTutorial/Pods-ReaktiveTutorial-frameworks-${CONFIGURATION}-input-files.xcfilelist",
			);
			name = "[CP] Embed Pods Frameworks";
			outputFileListPaths = (
				"${PODS_ROOT}/Target Support Files/Pods-ReaktiveTutorial/Pods-ReaktiveTutorial-frameworks-${CONFIGURATION}-output-files.xcfilelist",
			);
			runOnlyForDeploymentPostprocessing = 0;
			shellPath = /bin/sh;
			shellScript = "\"${PODS_ROOT}/Target Support Files/Pods-ReaktiveTutorial/Pods-ReaktiveTutorial-frameworks.sh\"\n";
			showEnvVarsInLog = 0;
		};
/* End PBXShellScriptBuildPhase section */

/* Begin PBXSourcesBuildPhase section */
		A71830612351E59200D50581 /* Sources */ = {
			isa = PBXSourcesBuildPhase;
			buildActionMask = 2147483647;
			files = (
				A7BE4C7E2351E9B100E1D799 /* ViewController.swift in Sources */,
				A71830692351E59200D50581 /* AppDelegate.swift in Sources */,
				A7BE4C802351EB2C00E1D799 /* MovieCell.swift in Sources */,
			);
			runOnlyForDeploymentPostprocessing = 0;
		};
/* End PBXSourcesBuildPhase section */

/* Begin PBXVariantGroup section */
		A71830732351E59300D50581 /* LaunchScreen.storyboard */ = {
			isa = PBXVariantGroup;
			children = (
				A71830742351E59300D50581 /* Base */,
			);
			name = LaunchScreen.storyboard;
			sourceTree = "<group>";
		};
/* End PBXVariantGroup section */

/* Begin XCBuildConfiguration section */
		A71830772351E59300D50581 /* Debug */ = {
			isa = XCBuildConfiguration;
			buildSettings = {
				ALWAYS_SEARCH_USER_PATHS = NO;
				CLANG_ANALYZER_NONNULL = YES;
				CLANG_ANALYZER_NUMBER_OBJECT_CONVERSION = YES_AGGRESSIVE;
				CLANG_CXX_LANGUAGE_STANDARD = "gnu++14";
				CLANG_CXX_LIBRARY = "libc++";
				CLANG_ENABLE_MODULES = YES;
				CLANG_ENABLE_OBJC_ARC = YES;
				CLANG_ENABLE_OBJC_WEAK = YES;
				CLANG_WARN_BLOCK_CAPTURE_AUTORELEASING = YES;
				CLANG_WARN_BOOL_CONVERSION = YES;
				CLANG_WARN_COMMA = YES;
				CLANG_WARN_CONSTANT_CONVERSION = YES;
				CLANG_WARN_DEPRECATED_OBJC_IMPLEMENTATIONS = YES;
				CLANG_WARN_DIRECT_OBJC_ISA_USAGE = YES_ERROR;
				CLANG_WARN_DOCUMENTATION_COMMENTS = YES;
				CLANG_WARN_EMPTY_BODY = YES;
				CLANG_WARN_ENUM_CONVERSION = YES;
				CLANG_WARN_INFINITE_RECURSION = YES;
				CLANG_WARN_INT_CONVERSION = YES;
				CLANG_WARN_NON_LITERAL_NULL_CONVERSION = YES;
				CLANG_WARN_OBJC_IMPLICIT_RETAIN_SELF = YES;
				CLANG_WARN_OBJC_LITERAL_CONVERSION = YES;
				CLANG_WARN_OBJC_ROOT_CLASS = YES_ERROR;
				CLANG_WARN_RANGE_LOOP_ANALYSIS = YES;
				CLANG_WARN_STRICT_PROTOTYPES = YES;
				CLANG_WARN_SUSPICIOUS_MOVE = YES;
				CLANG_WARN_UNGUARDED_AVAILABILITY = YES_AGGRESSIVE;
				CLANG_WARN_UNREACHABLE_CODE = YES;
				CLANG_WARN__DUPLICATE_METHOD_MATCH = YES;
				COPY_PHASE_STRIP = NO;
				DEBUG_INFORMATION_FORMAT = dwarf;
				ENABLE_STRICT_OBJC_MSGSEND = YES;
				ENABLE_TESTABILITY = YES;
				GCC_C_LANGUAGE_STANDARD = gnu11;
				GCC_DYNAMIC_NO_PIC = NO;
				GCC_NO_COMMON_BLOCKS = YES;
				GCC_OPTIMIZATION_LEVEL = 0;
				GCC_PREPROCESSOR_DEFINITIONS = (
					"DEBUG=1",
					"$(inherited)",
				);
				GCC_WARN_64_TO_32_BIT_CONVERSION = YES;
				GCC_WARN_ABOUT_RETURN_TYPE = YES_ERROR;
				GCC_WARN_UNDECLARED_SELECTOR = YES;
				GCC_WARN_UNINITIALIZED_AUTOS = YES_AGGRESSIVE;
				GCC_WARN_UNUSED_FUNCTION = YES;
				GCC_WARN_UNUSED_VARIABLE = YES;
				IPHONEOS_DEPLOYMENT_TARGET = 11.0;
				MTL_ENABLE_DEBUG_INFO = INCLUDE_SOURCE;
				MTL_FAST_MATH = YES;
				ONLY_ACTIVE_ARCH = YES;
				SDKROOT = iphoneos;
				SWIFT_ACTIVE_COMPILATION_CONDITIONS = DEBUG;
				SWIFT_OPTIMIZATION_LEVEL = "-Onone";
			};
			name = Debug;
		};
		A71830782351E59300D50581 /* Release */ = {
			isa = XCBuildConfiguration;
			buildSettings = {
				ALWAYS_SEARCH_USER_PATHS = NO;
				CLANG_ANALYZER_NONNULL = YES;
				CLANG_ANALYZER_NUMBER_OBJECT_CONVERSION = YES_AGGRESSIVE;
				CLANG_CXX_LANGUAGE_STANDARD = "gnu++14";
				CLANG_CXX_LIBRARY = "libc++";
				CLANG_ENABLE_MODULES = YES;
				CLANG_ENABLE_OBJC_ARC = YES;
				CLANG_ENABLE_OBJC_WEAK = YES;
				CLANG_WARN_BLOCK_CAPTURE_AUTORELEASING = YES;
				CLANG_WARN_BOOL_CONVERSION = YES;
				CLANG_WARN_COMMA = YES;
				CLANG_WARN_CONSTANT_CONVERSION = YES;
				CLANG_WARN_DEPRECATED_OBJC_IMPLEMENTATIONS = YES;
				CLANG_WARN_DIRECT_OBJC_ISA_USAGE = YES_ERROR;
				CLANG_WARN_DOCUMENTATION_COMMENTS = YES;
				CLANG_WARN_EMPTY_BODY = YES;
				CLANG_WARN_ENUM_CONVERSION = YES;
				CLANG_WARN_INFINITE_RECURSION = YES;
				CLANG_WARN_INT_CONVERSION = YES;
				CLANG_WARN_NON_LITERAL_NULL_CONVERSION = YES;
				CLANG_WARN_OBJC_IMPLICIT_RETAIN_SELF = YES;
				CLANG_WARN_OBJC_LITERAL_CONVERSION = YES;
				CLANG_WARN_OBJC_ROOT_CLASS = YES_ERROR;
				CLANG_WARN_RANGE_LOOP_ANALYSIS = YES;
				CLANG_WARN_STRICT_PROTOTYPES = YES;
				CLANG_WARN_SUSPICIOUS_MOVE = YES;
				CLANG_WARN_UNGUARDED_AVAILABILITY = YES_AGGRESSIVE;
				CLANG_WARN_UNREACHABLE_CODE = YES;
				CLANG_WARN__DUPLICATE_METHOD_MATCH = YES;
				COPY_PHASE_STRIP = NO;
				DEBUG_INFORMATION_FORMAT = "dwarf-with-dsym";
				ENABLE_NS_ASSERTIONS = NO;
				ENABLE_STRICT_OBJC_MSGSEND = YES;
				GCC_C_LANGUAGE_STANDARD = gnu11;
				GCC_NO_COMMON_BLOCKS = YES;
				GCC_WARN_64_TO_32_BIT_CONVERSION = YES;
				GCC_WARN_ABOUT_RETURN_TYPE = YES_ERROR;
				GCC_WARN_UNDECLARED_SELECTOR = YES;
				GCC_WARN_UNINITIALIZED_AUTOS = YES_AGGRESSIVE;
				GCC_WARN_UNUSED_FUNCTION = YES;
				GCC_WARN_UNUSED_VARIABLE = YES;
				IPHONEOS_DEPLOYMENT_TARGET = 11.0;
				MTL_ENABLE_DEBUG_INFO = NO;
				MTL_FAST_MATH = YES;
				SDKROOT = iphoneos;
				SWIFT_COMPILATION_MODE = wholemodule;
				SWIFT_OPTIMIZATION_LEVEL = "-O";
				VALIDATE_PRODUCT = YES;
			};
			name = Release;
		};
		A718307A2351E59300D50581 /* Debug */ = {
			isa = XCBuildConfiguration;
			baseConfigurationReference = 56786C0E19B1CA7F176BAE7D /* Pods-ReaktiveTutorial.debug.xcconfig */;
			buildSettings = {
				ASSETCATALOG_COMPILER_APPICON_NAME = AppIcon;
				CODE_SIGN_STYLE = Automatic;
				DEVELOPMENT_TEAM = TZC29QSGCB;
				ENABLE_PREVIEWS = YES;
				FRAMEWORK_SEARCH_PATHS = (
					"$(SRCROOT)/../core/build/xcode-frameworks",
					"$(inherited)",
				);
				INFOPLIST_FILE = ReaktiveTutorial/Info.plist;
				LD_RUNPATH_SEARCH_PATHS = (
					"$(inherited)",
					"@executable_path/Frameworks",
				);
				PRODUCT_BUNDLE_IDENTIFIER = com.adrena.ios.mpp.ReaktiveTutorial;
				PRODUCT_NAME = "$(TARGET_NAME)";
				SWIFT_VERSION = 5.0;
				TARGETED_DEVICE_FAMILY = "1,2";
			};
			name = Debug;
		};
		A718307B2351E59300D50581 /* Release */ = {
			isa = XCBuildConfiguration;
			baseConfigurationReference = 3F6996E6EF560CF18FADB1B4 /* Pods-ReaktiveTutorial.release.xcconfig */;
			buildSettings = {
				ASSETCATALOG_COMPILER_APPICON_NAME = AppIcon;
				CODE_SIGN_STYLE = Automatic;
				DEVELOPMENT_TEAM = TZC29QSGCB;
				ENABLE_PREVIEWS = YES;
				FRAMEWORK_SEARCH_PATHS = (
					"$(SRCROOT)/../core/build/xcode-frameworks",
					"$(inherited)",
				);
				INFOPLIST_FILE = ReaktiveTutorial/Info.plist;
				LD_RUNPATH_SEARCH_PATHS = (
					"$(inherited)",
					"@executable_path/Frameworks",
				);
				PRODUCT_BUNDLE_IDENTIFIER = com.adrena.ios.mpp.ReaktiveTutorial;
				PRODUCT_NAME = "$(TARGET_NAME)";
				SWIFT_VERSION = 5.0;
				TARGETED_DEVICE_FAMILY = "1,2";
			};
			name = Release;
		};
/* End XCBuildConfiguration section */

/* Begin XCConfigurationList section */
		A71830602351E59200D50581 /* Build configuration list for PBXProject "ReaktiveTutorial" */ = {
			isa = XCConfigurationList;
			buildConfigurations = (
				A71830772351E59300D50581 /* Debug */,
				A71830782351E59300D50581 /* Release */,
			);
			defaultConfigurationIsVisible = 0;
			defaultConfigurationName = Release;
		};
		A71830792351E59300D50581 /* Build configuration list for PBXNativeTarget "ReaktiveTutorial" */ = {
			isa = XCConfigurationList;
			buildConfigurations = (
				A718307A2351E59300D50581 /* Debug */,
				A718307B2351E59300D50581 /* Release */,
			);
			defaultConfigurationIsVisible = 0;
			defaultConfigurationName = Release;
		};
/* End XCConfigurationList section */
	};
	rootObject = A718305D2351E59200D50581 /* Project object */;
}
